
Microsoft Visual Studio Solution File, Format Version 12.00
# Visual Studio 2013
VisualStudioVersion = 12.0.21005.1
MinimumVisualStudioVersion = 10.0.40219.1
Project("{FAE04EC0-301F-11D3-BF4B-00C04F79EFBC}") = "BookSearcher", "BookSearcher\BookSearcher.csproj", "{A1AE94B0-8162-4855-9919-9ACFF72F885E}"
EndProject
Project("{FAE04EC0-301F-11D3-BF4B-00C04F79EFBC}") = "BookSearcher.Test", "BookSearcher.Test\BookSearcher.Test.csproj", "{D7DFCDF7-FEA7-4776-A9D5-A37A8BA03A68}"
EndProject
Global
	GlobalSection(SolutionConfigurationPlatforms) = preSolution
		Debug|Any CPU = Debug|Any CPU
		Release|Any CPU = Release|Any CPU
	EndGlobalSection
	GlobalSection(ProjectConfigurationPlatforms) = postSolution
		{A1AE94B0-8162-4855-9919-9ACFF72F885E}.Debug|Any CPU.ActiveCfg = Debug|Any CPU
		{A1AE94B0-8162-4855-9919-9ACFF72F885E}.Debug|Any CPU.Build.0 = Debug|Any CPU
		{A1AE94B0-8162-4855-9919-9ACFF72F885E}.Release|Any CPU.ActiveCfg = Release|Any CPU
		{A1AE94B0-8162-4855-9919-9ACFF72F885E}.Release|Any CPU.Build.0 = Release|Any CPU
		{D7DFCDF7-FEA7-4776-A9D5-A37A8BA03A68}.Debug|Any CPU.ActiveCfg = Debug|Any CPU
		{D7DFCDF7-FEA7-4776-A9D5-A37A8BA03A68}.Debug|Any CPU.Build.0 = Debug|Any CPU
		{D7DFCDF7-FEA7-4776-A9D5-A37A8BA03A68}.Release|Any CPU.ActiveCfg = Release|Any CPU
		{D7DFCDF7-FEA7-4776-A9D5-A37A8BA03A68}.Release|Any CPU.Build.0 = Release|Any CPU
	EndGlobalSection
	GlobalSection(SolutionProperties) = preSolution
		HideSolutionNode = FALSE
	EndGlobalSection
EndGlobal
